dependencies:
- name: redis
  repository: https://kubernetes-charts.storage.googleapis.com/
  version: 9.5.1
- name: postgresql
  repository: https://kubernetes-charts.storage.googleapis.com/
  version: 6.5.8
digest: sha256:85c6b4ebdc6a5dae92257fc4aa8b62caee0132ccd426d3002d79518605346e64
generated: "2019-11-07T01:14:52.327985+09:00"
